
Microsoft Visual Studio Solution File, Format Version 12.00
# Visual Studio Version 16
VisualStudioVersion = 16.0.29519.87
MinimumVisualStudioVersion = 10.0.40219.1
Project("{FAE04EC0-301F-11D3-BF4B-00C04F79EFBC}") = "calc", "calc\calc.csproj", "{4B8B8FDB-4CD7-458E-81A9-61E5F64A8D68}"
EndProject
Global
	GlobalSection(SolutionConfigurationPlatforms) = preSolution
		Debug|Any CPU = Debug|Any CPU
		Release|Any CPU = Release|Any CPU
	EndGlobalSection
	GlobalSection(ProjectConfigurationPlatforms) = postSolution
		{4B8B8FDB-4CD7-458E-81A9-61E5F64A8D68}.Debug|Any CPU.ActiveCfg = Debug|Any CPU
		{4B8B8FDB-4CD7-458E-81A9-61E5F64A8D68}.Debug|Any CPU.Build.0 = Debug|Any CPU
		{4B8B8FDB-4CD7-458E-81A9-61E5F64A8D68}.Release|Any CPU.ActiveCfg = Release|Any CPU
		{4B8B8FDB-4CD7-458E-81A9-61E5F64A8D68}.Release|Any CPU.Build.0 = Release|Any CPU
	EndGlobalSection
	GlobalSection(SolutionProperties) = preSolution
		HideSolutionNode = FALSE
	EndGlobalSection
	GlobalSection(ExtensibilityGlobals) = postSolution
		SolutionGuid = {6DC06C98-3066-4208-8577-6323627BB6B5}
	EndGlobalSection
EndGlobal
